
Microsoft Visual Studio Solution File, Format Version 12.00
# Visual Studio 2015
Project("{FAE04EC0-301F-11D3-BF4B-00C04F79EFBC}") = "HeadlessOverlayToolkit.CSharp.Plugins", "HeadlessOverlayToolkit.CSharp.Plugins.csproj", "{471817E4-67A9-BA4F-2262-A19C91959061}"
EndProject
Project("{FAE04EC0-301F-11D3-BF4B-00C04F79EFBC}") = "HeadlessOverlayToolkit.CSharp", "HeadlessOverlayToolkit.CSharp.csproj", "{8F24E7B6-8CFC-E0AE-713B-BA6442E31BD9}"
EndProject
Project("{FAE04EC0-301F-11D3-BF4B-00C04F79EFBC}") = "HeadlessOverlayToolkit.CSharp.Editor", "HeadlessOverlayToolkit.CSharp.Editor.csproj", "{0A44FD87-305E-6AA5-8803-843E7DC44199}"
EndProject
Global
	GlobalSection(SolutionConfigurationPlatforms) = preSolution
		Debug|Any CPU = Debug|Any CPU
		Release|Any CPU = Release|Any CPU
	EndGlobalSection
	GlobalSection(ProjectConfigurationPlatforms) = postSolution
		{471817E4-67A9-BA4F-2262-A19C91959061}.Debug|Any CPU.ActiveCfg = Debug|Any CPU
		{471817E4-67A9-BA4F-2262-A19C91959061}.Debug|Any CPU.Build.0 = Debug|Any CPU
		{471817E4-67A9-BA4F-2262-A19C91959061}.Release|Any CPU.ActiveCfg = Release|Any CPU
		{471817E4-67A9-BA4F-2262-A19C91959061}.Release|Any CPU.Build.0 = Release|Any CPU
		{8F24E7B6-8CFC-E0AE-713B-BA6442E31BD9}.Debug|Any CPU.ActiveCfg = Debug|Any CPU
		{8F24E7B6-8CFC-E0AE-713B-BA6442E31BD9}.Debug|Any CPU.Build.0 = Debug|Any CPU
		{8F24E7B6-8CFC-E0AE-713B-BA6442E31BD9}.Release|Any CPU.ActiveCfg = Release|Any CPU
		{8F24E7B6-8CFC-E0AE-713B-BA6442E31BD9}.Release|Any CPU.Build.0 = Release|Any CPU
		{0A44FD87-305E-6AA5-8803-843E7DC44199}.Debug|Any CPU.ActiveCfg = Debug|Any CPU
		{0A44FD87-305E-6AA5-8803-843E7DC44199}.Debug|Any CPU.Build.0 = Debug|Any CPU
		{0A44FD87-305E-6AA5-8803-843E7DC44199}.Release|Any CPU.ActiveCfg = Release|Any CPU
		{0A44FD87-305E-6AA5-8803-843E7DC44199}.Release|Any CPU.Build.0 = Release|Any CPU
	EndGlobalSection
	GlobalSection(SolutionProperties) = preSolution
		HideSolutionNode = FALSE
	EndGlobalSection
EndGlobal
