
Microsoft Visual Studio Solution File, Format Version 12.00
# Visual Studio 2017
Project("{FAE04EC0-301F-11D3-BF4B-00C04F79EFBC}") = "HeadlessOverlayToolkit.Plugins", "HeadlessOverlayToolkit.Plugins.csproj", "{80B11C52-6A9D-A19E-017A-11779F10F324}"
EndProject
Project("{FAE04EC0-301F-11D3-BF4B-00C04F79EFBC}") = "HeadlessOverlayToolkit", "HeadlessOverlayToolkit.csproj", "{D8AD80B1-8258-56A8-A566-DD1E0971896D}"
EndProject
Project("{FAE04EC0-301F-11D3-BF4B-00C04F79EFBC}") = "HeadlessOverlayToolkit.Editor", "HeadlessOverlayToolkit.Editor.csproj", "{D58FEC66-C1BD-6992-8B3A-9885EEA82DA5}"
EndProject
Global
	GlobalSection(SolutionConfigurationPlatforms) = preSolution
		Debug|Any CPU = Debug|Any CPU
		Release|Any CPU = Release|Any CPU
	EndGlobalSection
	GlobalSection(ProjectConfigurationPlatforms) = postSolution
		{80B11C52-6A9D-A19E-017A-11779F10F324}.Debug|Any CPU.ActiveCfg = Debug|Any CPU
		{80B11C52-6A9D-A19E-017A-11779F10F324}.Debug|Any CPU.Build.0 = Debug|Any CPU
		{80B11C52-6A9D-A19E-017A-11779F10F324}.Release|Any CPU.ActiveCfg = Release|Any CPU
		{80B11C52-6A9D-A19E-017A-11779F10F324}.Release|Any CPU.Build.0 = Release|Any CPU
		{D8AD80B1-8258-56A8-A566-DD1E0971896D}.Debug|Any CPU.ActiveCfg = Debug|Any CPU
		{D8AD80B1-8258-56A8-A566-DD1E0971896D}.Debug|Any CPU.Build.0 = Debug|Any CPU
		{D8AD80B1-8258-56A8-A566-DD1E0971896D}.Release|Any CPU.ActiveCfg = Release|Any CPU
		{D8AD80B1-8258-56A8-A566-DD1E0971896D}.Release|Any CPU.Build.0 = Release|Any CPU
		{D58FEC66-C1BD-6992-8B3A-9885EEA82DA5}.Debug|Any CPU.ActiveCfg = Debug|Any CPU
		{D58FEC66-C1BD-6992-8B3A-9885EEA82DA5}.Debug|Any CPU.Build.0 = Debug|Any CPU
		{D58FEC66-C1BD-6992-8B3A-9885EEA82DA5}.Release|Any CPU.ActiveCfg = Release|Any CPU
		{D58FEC66-C1BD-6992-8B3A-9885EEA82DA5}.Release|Any CPU.Build.0 = Release|Any CPU
	EndGlobalSection
	GlobalSection(SolutionProperties) = preSolution
		HideSolutionNode = FALSE
	EndGlobalSection
EndGlobal
