
Microsoft Visual Studio Solution File, Format Version 12.00
# Visual Studio 2015
Project("{FAE04EC0-301F-11D3-BF4B-00C04F79EFBC}") = "HeadlessOverlayToolkit-twitchtest.CSharp.Plugins", "HeadlessOverlayToolkit-twitchtest.CSharp.Plugins.csproj", "{DC37B3E2-C1FD-E823-1FC0-3FAE158CBBC7}"
EndProject
Project("{FAE04EC0-301F-11D3-BF4B-00C04F79EFBC}") = "HeadlessOverlayToolkit-twitchtest.CSharp", "HeadlessOverlayToolkit-twitchtest.CSharp.csproj", "{24C9487B-CB7B-F82A-BD0E-CF8E8214C366}"
EndProject
Project("{FAE04EC0-301F-11D3-BF4B-00C04F79EFBC}") = "HeadlessOverlayToolkit-twitchtest.CSharp.Editor", "HeadlessOverlayToolkit-twitchtest.CSharp.Editor.csproj", "{272D1F9C-6A65-2DD8-5AA1-C43F30F8ECA5}"
EndProject
Global
	GlobalSection(SolutionConfigurationPlatforms) = preSolution
		Debug|Any CPU = Debug|Any CPU
		Release|Any CPU = Release|Any CPU
	EndGlobalSection
	GlobalSection(ProjectConfigurationPlatforms) = postSolution
		{DC37B3E2-C1FD-E823-1FC0-3FAE158CBBC7}.Debug|Any CPU.ActiveCfg = Debug|Any CPU
		{DC37B3E2-C1FD-E823-1FC0-3FAE158CBBC7}.Debug|Any CPU.Build.0 = Debug|Any CPU
		{DC37B3E2-C1FD-E823-1FC0-3FAE158CBBC7}.Release|Any CPU.ActiveCfg = Release|Any CPU
		{DC37B3E2-C1FD-E823-1FC0-3FAE158CBBC7}.Release|Any CPU.Build.0 = Release|Any CPU
		{24C9487B-CB7B-F82A-BD0E-CF8E8214C366}.Debug|Any CPU.ActiveCfg = Debug|Any CPU
		{24C9487B-CB7B-F82A-BD0E-CF8E8214C366}.Debug|Any CPU.Build.0 = Debug|Any CPU
		{24C9487B-CB7B-F82A-BD0E-CF8E8214C366}.Release|Any CPU.ActiveCfg = Release|Any CPU
		{24C9487B-CB7B-F82A-BD0E-CF8E8214C366}.Release|Any CPU.Build.0 = Release|Any CPU
		{272D1F9C-6A65-2DD8-5AA1-C43F30F8ECA5}.Debug|Any CPU.ActiveCfg = Debug|Any CPU
		{272D1F9C-6A65-2DD8-5AA1-C43F30F8ECA5}.Debug|Any CPU.Build.0 = Debug|Any CPU
		{272D1F9C-6A65-2DD8-5AA1-C43F30F8ECA5}.Release|Any CPU.ActiveCfg = Release|Any CPU
		{272D1F9C-6A65-2DD8-5AA1-C43F30F8ECA5}.Release|Any CPU.Build.0 = Release|Any CPU
	EndGlobalSection
	GlobalSection(SolutionProperties) = preSolution
		HideSolutionNode = FALSE
	EndGlobalSection
EndGlobal
